
Microsoft Visual Studio Solution File, Format Version 10.00
# Visual Studio 2008
Project("{8BC9CEB8-8B4A-11D0-8D11-00A0C91BC942}") = "sorting", "sorting\sorting.vcproj", "{852AA4C9-417D-4C4E-A4CD-55C74048E865}"
EndProject
Global
	GlobalSection(SolutionConfigurationPlatforms) = preSolution
		Debug|Win32 = Debug|Win32
		Release|Win32 = Release|Win32
	EndGlobalSection
	GlobalSection(ProjectConfigurationPlatforms) = postSolution
		{852AA4C9-417D-4C4E-A4CD-55C74048E865}.Debug|Win32.ActiveCfg = Debug|Win32
		{852AA4C9-417D-4C4E-A4CD-55C74048E865}.Debug|Win32.Build.0 = Debug|Win32
		{852AA4C9-417D-4C4E-A4CD-55C74048E865}.Release|Win32.ActiveCfg = Release|Win32
		{852AA4C9-417D-4C4E-A4CD-55C74048E865}.Release|Win32.Build.0 = Release|Win32
	EndGlobalSection
	GlobalSection(SolutionProperties) = preSolution
		HideSolutionNode = FALSE
	EndGlobalSection
EndGlobal
